
Microsoft Visual Studio Solution File, Format Version 12.00
# Visual Studio Version 17
VisualStudioVersion = 17.9.34607.119
MinimumVisualStudioVersion = 10.0.40219.1
Project("{9A19103F-16F7-4668-BE54-9A1E7A4F7556}") = "BulletMonogame", "BulletMonogame\BulletMonogame.csproj", "{B6B157A2-3E91-47C1-9984-066D8333B422}"
EndProject
Project("{9A19103F-16F7-4668-BE54-9A1E7A4F7556}") = "BulletMonogameDemo", "BulletMonogameDemo\BulletMonogameDemo.csproj", "{BDF45889-7549-44B2-B02E-63CEBA7B6288}"
EndProject
Global
	GlobalSection(SolutionConfigurationPlatforms) = preSolution
		Debug|Any CPU = Debug|Any CPU
		Release|Any CPU = Release|Any CPU
	EndGlobalSection
	GlobalSection(ProjectConfigurationPlatforms) = postSolution
		{B6B157A2-3E91-47C1-9984-066D8333B422}.Debug|Any CPU.ActiveCfg = Debug|Any CPU
		{B6B157A2-3E91-47C1-9984-066D8333B422}.Debug|Any CPU.Build.0 = Debug|Any CPU
		{B6B157A2-3E91-47C1-9984-066D8333B422}.Release|Any CPU.ActiveCfg = Release|Any CPU
		{B6B157A2-3E91-47C1-9984-066D8333B422}.Release|Any CPU.Build.0 = Release|Any CPU
		{BDF45889-7549-44B2-B02E-63CEBA7B6288}.Debug|Any CPU.ActiveCfg = Debug|Any CPU
		{BDF45889-7549-44B2-B02E-63CEBA7B6288}.Debug|Any CPU.Build.0 = Debug|Any CPU
		{BDF45889-7549-44B2-B02E-63CEBA7B6288}.Release|Any CPU.ActiveCfg = Release|Any CPU
		{BDF45889-7549-44B2-B02E-63CEBA7B6288}.Release|Any CPU.Build.0 = Release|Any CPU
	EndGlobalSection
	GlobalSection(SolutionProperties) = preSolution
		HideSolutionNode = FALSE
	EndGlobalSection
	GlobalSection(ExtensibilityGlobals) = postSolution
		SolutionGuid = {84DCAC66-70B8-4D17-815D-54F4139A9727}
	EndGlobalSection
EndGlobal
